
Microsoft Visual Studio Solution File, Format Version 12.00
# Visual Studio Version 16
VisualStudioVersion = 16.0.30709.132
MinimumVisualStudioVersion = 10.0.40219.1
Project("{FAE04EC0-301F-11D3-BF4B-00C04F79EFBC}") = "ServiceA", "ServiceA\ServiceA.csproj", "{9132E723-5558-4CBE-BA94-B44EBA647DB9}"
EndProject
Project("{FAE04EC0-301F-11D3-BF4B-00C04F79EFBC}") = "ServiceB", "ServiceB\ServiceB.csproj", "{5B7815F7-B579-4E3D-9F18-45B58FEC908B}"
EndProject
Global
	GlobalSection(SolutionConfigurationPlatforms) = preSolution
		Debug|Any CPU = Debug|Any CPU
		Release|Any CPU = Release|Any CPU
	EndGlobalSection
	GlobalSection(ProjectConfigurationPlatforms) = postSolution
		{9132E723-5558-4CBE-BA94-B44EBA647DB9}.Debug|Any CPU.ActiveCfg = Debug|Any CPU
		{9132E723-5558-4CBE-BA94-B44EBA647DB9}.Debug|Any CPU.Build.0 = Debug|Any CPU
		{9132E723-5558-4CBE-BA94-B44EBA647DB9}.Release|Any CPU.ActiveCfg = Release|Any CPU
		{9132E723-5558-4CBE-BA94-B44EBA647DB9}.Release|Any CPU.Build.0 = Release|Any CPU
		{5B7815F7-B579-4E3D-9F18-45B58FEC908B}.Debug|Any CPU.ActiveCfg = Debug|Any CPU
		{5B7815F7-B579-4E3D-9F18-45B58FEC908B}.Debug|Any CPU.Build.0 = Debug|Any CPU
		{5B7815F7-B579-4E3D-9F18-45B58FEC908B}.Release|Any CPU.ActiveCfg = Release|Any CPU
		{5B7815F7-B579-4E3D-9F18-45B58FEC908B}.Release|Any CPU.Build.0 = Release|Any CPU
	EndGlobalSection
	GlobalSection(SolutionProperties) = preSolution
		HideSolutionNode = FALSE
	EndGlobalSection
	GlobalSection(ExtensibilityGlobals) = postSolution
		SolutionGuid = {0946E8C4-38CC-4167-AC90-3F4920E2A74B}
	EndGlobalSection
EndGlobal
